Microsoft Visual Studio Solution File, Format Version 12.00
# Visual Studio Version 17
VisualStudioVersion = 17.0.31903.59
MinimumVisualStudioVersion = 10.0.40219.1
Project("{FAE04EC0-301F-11D3-BF4B-00C04F79EFBC}") = "ZipZap.BuildingBlocks", "src\ZipZap.BuildingBlocks\ZipZap.BuildingBlocks.csproj", "{3F9A1B20-1111-4A2B-9C3D-000000000001}"
EndProject
Project("{FAE04EC0-301F-11D3-BF4B-00C04F79EFBC}") = "ZipZap.Api", "src\ZipZap.Api\ZipZap.Api.csproj", "{3F9A1B20-1111-4A2B-9C3D-000000000002}"
EndProject
Project("{2150E333-8FDC-42A3-9474-1A3956D46DE8}") = "src", "src", "{880D0629-1481-427B-9020-F1616263BB58}"
EndProject
Project("{2150E333-8FDC-42A3-9474-1A3956D46DE8}") = "Modules", "Modules", "{D0D59521-FF60-42C1-8F4F-EDC75567C417}"
EndProject
Project("{FAE04EC0-301F-11D3-BF4B-00C04F79EFBC}") = "ZipZap.Modules.Identity", "src\Modules\ZipZap.Modules.Identity\ZipZap.Modules.Identity.csproj", "{18F0D427-4F1C-4746-9382-1888D762014B}"
EndProject
Global
	GlobalSection(SolutionConfigurationPlatforms) = preSolution
		Debug|Any CPU = Debug|Any CPU
		Release|Any CPU = Release|Any CPU
	EndGlobalSection
	GlobalSection(ProjectConfigurationPlatforms) = postSolution
		{3F9A1B20-1111-4A2B-9C3D-000000000001}.Debug|Any CPU.ActiveCfg = Debug|Any CPU
		{3F9A1B20-1111-4A2B-9C3D-000000000001}.Debug|Any CPU.Build.0 = Debug|Any CPU
		{3F9A1B20-1111-4A2B-9C3D-000000000001}.Release|Any CPU.ActiveCfg = Release|Any CPU
		{3F9A1B20-1111-4A2B-9C3D-000000000001}.Release|Any CPU.Build.0 = Release|Any CPU
		{3F9A1B20-1111-4A2B-9C3D-000000000002}.Debug|Any CPU.ActiveCfg = Debug|Any CPU
		{3F9A1B20-1111-4A2B-9C3D-000000000002}.Debug|Any CPU.Build.0 = Debug|Any CPU
		{3F9A1B20-1111-4A2B-9C3D-000000000002}.Release|Any CPU.ActiveCfg = Release|Any CPU
		{3F9A1B20-1111-4A2B-9C3D-000000000002}.Release|Any CPU.Build.0 = Release|Any CPU
		{18F0D427-4F1C-4746-9382-1888D762014B}.Debug|Any CPU.ActiveCfg = Debug|Any CPU
		{18F0D427-4F1C-4746-9382-1888D762014B}.Debug|Any CPU.Build.0 = Debug|Any CPU
		{18F0D427-4F1C-4746-9382-1888D762014B}.Release|Any CPU.ActiveCfg = Release|Any CPU
		{18F0D427-4F1C-4746-9382-1888D762014B}.Release|Any CPU.Build.0 = Release|Any CPU
	EndGlobalSection
	GlobalSection(SolutionProperties) = preSolution
		HideSolutionNode = FALSE
	EndGlobalSection
	GlobalSection(NestedProjects) = preSolution
		{D0D59521-FF60-42C1-8F4F-EDC75567C417} = {880D0629-1481-427B-9020-F1616263BB58}
		{18F0D427-4F1C-4746-9382-1888D762014B} = {D0D59521-FF60-42C1-8F4F-EDC75567C417}
	EndGlobalSection
EndGlobal
